// !$*UTF8*$!
{
	archiveVersion = 1;
	classes = {
	};
	objectVersion = 56;
	objects = {

/* Begin PBXBuildFile section */
		8416408B2B83986D00DB32F3 /* WeatherForecast.swift in Sources */ = {isa = PBXBuildFile; fileRef = 8416407D2B83986D00DB32F3 /* WeatherForecast.swift */; };
		8416408C2B83986D00DB32F3 /* ForecastItem.swift in Sources */ = {isa = PBXBuildFile; fileRef = 8416407E2B83986D00DB32F3 /* ForecastItem.swift */; };
		8416408D2B83986D00DB32F3 /* AppConstants.swift in Sources */ = {isa = PBXBuildFile; fileRef = 841640802B83986D00DB32F3 /* AppConstants.swift */; };
		8416408E2B83986D00DB32F3 /* Endpoint.swift in Sources */ = {isa = PBXBuildFile; fileRef = 841640812B83986D00DB32F3 /* Endpoint.swift */; };
		841640902B83986D00DB32F3 /* ServiceProtocol.swift in Sources */ = {isa = PBXBuildFile; fileRef = 841640842B83986D00DB32F3 /* ServiceProtocol.swift */; };
		841640912B83986D00DB32F3 /* APIManager.swift in Sources */ = {isa = PBXBuildFile; fileRef = 841640852B83986D00DB32F3 /* APIManager.swift */; };
		841640922B83986D00DB32F3 /* HTTPMethod.swift in Sources */ = {isa = PBXBuildFile; fileRef = 841640862B83986D00DB32F3 /* HTTPMethod.swift */; };
		841640932B83986D00DB32F3 /* NetworkError.swift in Sources */ = {isa = PBXBuildFile; fileRef = 841640872B83986D00DB32F3 /* NetworkError.swift */; };
		841640942B83986D00DB32F3 /* ForecastService.swift in Sources */ = {isa = PBXBuildFile; fileRef = 841640892B83986D00DB32F3 /* ForecastService.swift */; };
		841640BA2B83998D00DB32F3 /* HomeView.swift in Sources */ = {isa = PBXBuildFile; fileRef = 841640B92B83998D00DB32F3 /* HomeView.swift */; };
		841640BC2B83DF1500DB32F3 /* ImageDownloader.swift in Sources */ = {isa = PBXBuildFile; fileRef = 841640BB2B83DF1500DB32F3 /* ImageDownloader.swift */; };
		841640BE2B83E61B00DB32F3 /* WeatherRow.swift in Sources */ = {isa = PBXBuildFile; fileRef = 841640BD2B83E61B00DB32F3 /* WeatherRow.swift */; };
		841640C12B83E65A00DB32F3 /* Date+Ext.swift in Sources */ = {isa = PBXBuildFile; fileRef = 841640C02B83E65A00DB32F3 /* Date+Ext.swift */; };
		841640C42B83E9EE00DB32F3 /* DetailView.swift in Sources */ = {isa = PBXBuildFile; fileRef = 841640C32B83E9EE00DB32F3 /* DetailView.swift */; };
		841640C62B83F08900DB32F3 /* CachedImage.swift in Sources */ = {isa = PBXBuildFile; fileRef = 841640C52B83F08900DB32F3 /* CachedImage.swift */; };
		842432482B83915900456C07 /* WeatherForecast2App.swift in Sources */ = {isa = PBXBuildFile; fileRef = 842432472B83915900456C07 /* WeatherForecast2App.swift */; };
		8424324C2B83915A00456C07 /* Assets.xcassets in Resources */ = {isa = PBXBuildFile; fileRef = 8424324B2B83915A00456C07 /* Assets.xcassets */; };
		842432502B83915A00456C07 /* Preview Assets.xcassets in Resources */ = {isa = PBXBuildFile; fileRef = 8424324F2B83915A00456C07 /* Preview Assets.xcassets */; };
/* End PBXBuildFile section */

/* Begin PBXFileReference section */
		8416407D2B83986D00DB32F3 /* WeatherForecast.swift */ = {isa = PBXFileReference; fileEncoding = 4; lastKnownFileType = sourcecode.swift; path = WeatherForecast.swift; sourceTree = "<group>"; };
		8416407E2B83986D00DB32F3 /* ForecastItem.swift */ = {isa = PBXFileReference; fileEncoding = 4; lastKnownFileType = sourcecode.swift; path = ForecastItem.swift; sourceTree = "<group>"; };
		841640802B83986D00DB32F3 /* AppConstants.swift */ = {isa = PBXFileReference; fileEncoding = 4; lastKnownFileType = sourcecode.swift; path = AppConstants.swift; sourceTree = "<group>"; };
		841640812B83986D00DB32F3 /* Endpoint.swift */ = {isa = PBXFileReference; fileEncoding = 4; lastKnownFileType = sourcecode.swift; path = Endpoint.swift; sourceTree = "<group>"; };
		841640842B83986D00DB32F3 /* ServiceProtocol.swift */ = {isa = PBXFileReference; fileEncoding = 4; lastKnownFileType = sourcecode.swift; path = ServiceProtocol.swift; sourceTree = "<group>"; };
		841640852B83986D00DB32F3 /* APIManager.swift */ = {isa = PBXFileReference; fileEncoding = 4; lastKnownFileType = sourcecode.swift; path = APIManager.swift; sourceTree = "<group>"; };
		841640862B83986D00DB32F3 /* HTTPMethod.swift */ = {isa = PBXFileReference; fileEncoding = 4; lastKnownFileType = sourcecode.swift; path = HTTPMethod.swift; sourceTree = "<group>"; };
		841640872B83986D00DB32F3 /* NetworkError.swift */ = {isa = PBXFileReference; fileEncoding = 4; lastKnownFileType = sourcecode.swift; path = NetworkError.swift; sourceTree = "<group>"; };
		841640892B83986D00DB32F3 /* ForecastService.swift */ = {isa = PBXFileReference; fileEncoding = 4; lastKnownFileType = sourcecode.swift; path = ForecastService.swift; sourceTree = "<group>"; };
		841640B92B83998D00DB32F3 /* HomeView.swift */ = {isa = PBXFileReference; fileEncoding = 4; lastKnownFileType = sourcecode.swift; path = HomeView.swift; sourceTree = "<group>"; };
		841640BB2B83DF1500DB32F3 /* ImageDownloader.swift */ = {isa = PBXFileReference; lastKnownFileType = sourcecode.swift; path = ImageDownloader.swift; sourceTree = "<group>"; };
		841640BD2B83E61B00DB32F3 /* WeatherRow.swift */ = {isa = PBXFileReference; lastKnownFileType = sourcecode.swift; path = WeatherRow.swift; sourceTree = "<group>"; };
		841640C02B83E65A00DB32F3 /* Date+Ext.swift */ = {isa = PBXFileReference; lastKnownFileType = sourcecode.swift; path = "Date+Ext.swift"; sourceTree = "<group>"; };
		841640C32B83E9EE00DB32F3 /* DetailView.swift */ = {isa = PBXFileReference; lastKnownFileType = sourcecode.swift; path = DetailView.swift; sourceTree = "<group>"; };
		841640C52B83F08900DB32F3 /* CachedImage.swift */ = {isa = PBXFileReference; lastKnownFileType = sourcecode.swift; path = CachedImage.swift; sourceTree = "<group>"; };
		842432442B83915900456C07 /* WeatherForecast2.app */ = {isa = PBXFileReference; explicitFileType = wrapper.application; includeInIndex = 0; path = WeatherForecast2.app; sourceTree = BUILT_PRODUCTS_DIR; };
		842432472B83915900456C07 /* WeatherForecast2App.swift */ = {isa = PBXFileReference; lastKnownFileType = sourcecode.swift; path = WeatherForecast2App.swift; sourceTree = "<group>"; };
		8424324B2B83915A00456C07 /* Assets.xcassets */ = {isa = PBXFileReference; lastKnownFileType = folder.assetcatalog; path = Assets.xcassets; sourceTree = "<group>"; };
		8424324D2B83915A00456C07 /* WeatherForecast2.entitlements */ = {isa = PBXFileReference; lastKnownFileType = text.plist.entitlements; path = WeatherForecast2.entitlements; sourceTree = "<group>"; };
		8424324F2B83915A00456C07 /* Preview Assets.xcassets */ = {isa = PBXFileReference; lastKnownFileType = folder.assetcatalog; path = "Preview Assets.xcassets"; sourceTree = "<group>"; };
/* End PBXFileReference section */

/* Begin PBXFrameworksBuildPhase section */
		842432412B83915900456C07 /* Frameworks */ = {
			isa = PBXFrameworksBuildPhase;
			buildActionMask = 2147483647;
			files = (
			);
			runOnlyForDeploymentPostprocessing = 0;
		};
/* End PBXFrameworksBuildPhase section */

/* Begin PBXGroup section */
		8416407C2B83986D00DB32F3 /* DTO */ = {
			isa = PBXGroup;
			children = (
				8416407D2B83986D00DB32F3 /* WeatherForecast.swift */,
				8416407E2B83986D00DB32F3 /* ForecastItem.swift */,
			);
			path = DTO;
			sourceTree = "<group>";
		};
		8416407F2B83986D00DB32F3 /* Common */ = {
			isa = PBXGroup;
			children = (
				841640BF2B83E64900DB32F3 /* Extensions */,
				841640802B83986D00DB32F3 /* AppConstants.swift */,
				841640812B83986D00DB32F3 /* Endpoint.swift */,
			);
			path = Common;
			sourceTree = "<group>";
		};
		841640822B83986D00DB32F3 /* Networking */ = {
			isa = PBXGroup;
			children = (
				841640C52B83F08900DB32F3 /* CachedImage.swift */,
				841640BB2B83DF1500DB32F3 /* ImageDownloader.swift */,
				841640842B83986D00DB32F3 /* ServiceProtocol.swift */,
				841640852B83986D00DB32F3 /* APIManager.swift */,
				841640862B83986D00DB32F3 /* HTTPMethod.swift */,
				841640872B83986D00DB32F3 /* NetworkError.swift */,
				841640882B83986D00DB32F3 /* Services */,
			);
			path = Networking;
			sourceTree = "<group>";
		};
		841640882B83986D00DB32F3 /* Services */ = {
			isa = PBXGroup;
			children = (
				841640892B83986D00DB32F3 /* ForecastService.swift */,
			);
			path = Services;
			sourceTree = "<group>";
		};
		841640BF2B83E64900DB32F3 /* Extensions */ = {
			isa = PBXGroup;
			children = (
				841640C02B83E65A00DB32F3 /* Date+Ext.swift */,
			);
			path = Extensions;
			sourceTree = "<group>";
		};
		841640C22B83E9D400DB32F3 /* Views */ = {
			isa = PBXGroup;
			children = (
				841640B92B83998D00DB32F3 /* HomeView.swift */,
				841640C32B83E9EE00DB32F3 /* DetailView.swift */,
				841640BD2B83E61B00DB32F3 /* WeatherRow.swift */,
			);
			path = Views;
			sourceTree = "<group>";
		};
		8424323B2B83915900456C07 = {
			isa = PBXGroup;
			children = (
				842432462B83915900456C07 /* WeatherForecast2 */,
				842432452B83915900456C07 /* Products */,
			);
			sourceTree = "<group>";
		};
		842432452B83915900456C07 /* Products */ = {
			isa = PBXGroup;
			children = (
				842432442B83915900456C07 /* WeatherForecast2.app */,
			);
			name = Products;
			sourceTree = "<group>";
		};
		842432462B83915900456C07 /* WeatherForecast2 */ = {
			isa = PBXGroup;
			children = (
				8416407F2B83986D00DB32F3 /* Common */,
				8416407C2B83986D00DB32F3 /* DTO */,
				841640822B83986D00DB32F3 /* Networking */,
				842432472B83915900456C07 /* WeatherForecast2App.swift */,
				841640C22B83E9D400DB32F3 /* Views */,
				8424324B2B83915A00456C07 /* Assets.xcassets */,
				8424324D2B83915A00456C07 /* WeatherForecast2.entitlements */,
				8424324E2B83915A00456C07 /* Preview Content */,
			);
			path = WeatherForecast2;
			sourceTree = "<group>";
		};
		8424324E2B83915A00456C07 /* Preview Content */ = {
			isa = PBXGroup;
			children = (
				8424324F2B83915A00456C07 /* Preview Assets.xcassets */,
			);
			path = "Preview Content";
			sourceTree = "<group>";
		};
/* End PBXGroup section */

/* Begin PBXNativeTarget section */
		842432432B83915900456C07 /* WeatherForecast2 */ = {
			isa = PBXNativeTarget;
			buildConfigurationList = 842432532B83915A00456C07 /* Build configuration list for PBXNativeTarget "WeatherForecast2" */;
			buildPhases = (
				842432402B83915900456C07 /* Sources */,
				842432412B83915900456C07 /* Frameworks */,
				842432422B83915900456C07 /* Resources */,
			);
			buildRules = (
			);
			dependencies = (
			);
			name = WeatherForecast2;
			productName = WeatherForecast2;
			productReference = 842432442B83915900456C07 /* WeatherForecast2.app */;
			productType = "com.apple.product-type.application";
		};
/* End PBXNativeTarget section */

/* Begin PBXProject section */
		8424323C2B83915900456C07 /* Project object */ = {
			isa = PBXProject;
			attributes = {
				BuildIndependentTargetsInParallel = 1;
				LastSwiftUpdateCheck = 1500;
				LastUpgradeCheck = 1500;
				TargetAttributes = {
					842432432B83915900456C07 = {
						CreatedOnToolsVersion = 15.0.1;
					};
				};
			};
			buildConfigurationList = 8424323F2B83915900456C07 /* Build configuration list for PBXProject "WeatherForecast2" */;
			compatibilityVersion = "Xcode 14.0";
			developmentRegion = en;
			hasScannedForEncodings = 0;
			knownRegions = (
				en,
				Base,
			);
			mainGroup = 8424323B2B83915900456C07;
			productRefGroup = 842432452B83915900456C07 /* Products */;
			projectDirPath = "";
			projectRoot = "";
			targets = (
				842432432B83915900456C07 /* WeatherForecast2 */,
			);
		};
/* End PBXProject section */

/* Begin PBXResourcesBuildPhase section */
		842432422B83915900456C07 /* Resources */ = {
			isa = PBXResourcesBuildPhase;
			buildActionMask = 2147483647;
			files = (
				842432502B83915A00456C07 /* Preview Assets.xcassets in Resources */,
				8424324C2B83915A00456C07 /* Assets.xcassets in Resources */,
			);
			runOnlyForDeploymentPostprocessing = 0;
		};
/* End PBXResourcesBuildPhase section */

/* Begin PBXSourcesBuildPhase section */
		842432402B83915900456C07 /* Sources */ = {
			isa = PBXSourcesBuildPhase;
			buildActionMask = 2147483647;
			files = (
				841640BA2B83998D00DB32F3 /* HomeView.swift in Sources */,
				841640BC2B83DF1500DB32F3 /* ImageDownloader.swift in Sources */,
				8416408B2B83986D00DB32F3 /* WeatherForecast.swift in Sources */,
				841640912B83986D00DB32F3 /* APIManager.swift in Sources */,
				841640942B83986D00DB32F3 /* ForecastService.swift in Sources */,
				841640902B83986D00DB32F3 /* ServiceProtocol.swift in Sources */,
				842432482B83915900456C07 /* WeatherForecast2App.swift in Sources */,
				841640C62B83F08900DB32F3 /* CachedImage.swift in Sources */,
				8416408D2B83986D00DB32F3 /* AppConstants.swift in Sources */,
				841640C12B83E65A00DB32F3 /* Date+Ext.swift in Sources */,
				841640BE2B83E61B00DB32F3 /* WeatherRow.swift in Sources */,
				8416408E2B83986D00DB32F3 /* Endpoint.swift in Sources */,
				841640922B83986D00DB32F3 /* HTTPMethod.swift in Sources */,
				841640932B83986D00DB32F3 /* NetworkError.swift in Sources */,
				841640C42B83E9EE00DB32F3 /* DetailView.swift in Sources */,
				8416408C2B83986D00DB32F3 /* ForecastItem.swift in Sources */,
			);
			runOnlyForDeploymentPostprocessing = 0;
		};
/* End PBXSourcesBuildPhase section */

/* Begin XCBuildConfiguration section */
		842432512B83915A00456C07 /* Debug */ = {
			isa = XCBuildConfiguration;
			buildSettings = {
				ALWAYS_SEARCH_USER_PATHS = NO;
				ASSETCATALOG_COMPILER_GENERATE_SWIFT_ASSET_SYMBOL_EXTENSIONS = YES;
				CLANG_ANALYZER_NONNULL = YES;
				CLANG_ANALYZER_NUMBER_OBJECT_CONVERSION = YES_AGGRESSIVE;
				CLANG_CXX_LANGUAGE_STANDARD = "gnu++20";
				CLANG_ENABLE_MODULES = YES;
				CLANG_ENABLE_OBJC_ARC = YES;
				CLANG_ENABLE_OBJC_WEAK = YES;
				CLANG_WARN_BLOCK_CAPTURE_AUTORELEASING = YES;
				CLANG_WARN_BOOL_CONVERSION = YES;
				CLANG_WARN_COMMA = YES;
				CLANG_WARN_CONSTANT_CONVERSION = YES;
				CLANG_WARN_DEPRECATED_OBJC_IMPLEMENTATIONS = YES;
				CLANG_WARN_DIRECT_OBJC_ISA_USAGE = YES_ERROR;
				CLANG_WARN_DOCUMENTATION_COMMENTS = YES;
				CLANG_WARN_EMPTY_BODY = YES;
				CLANG_WARN_ENUM_CONVERSION = YES;
				CLANG_WARN_INFINITE_RECURSION = YES;
				CLANG_WARN_INT_CONVERSION = YES;
				CLANG_WARN_NON_LITERAL_NULL_CONVERSION = YES;
				CLANG_WARN_OBJC_IMPLICIT_RETAIN_SELF = YES;
				CLANG_WARN_OBJC_LITERAL_CONVERSION = YES;
				CLANG_WARN_OBJC_ROOT_CLASS = YES_ERROR;
				CLANG_WARN_QUOTED_INCLUDE_IN_FRAMEWORK_HEADER = YES;
				CLANG_WARN_RANGE_LOOP_ANALYSIS = YES;
				CLANG_WARN_STRICT_PROTOTYPES = YES;
				CLANG_WARN_SUSPICIOUS_MOVE = YES;
				CLANG_WARN_UNGUARDED_AVAILABILITY = YES_AGGRESSIVE;
				CLANG_WARN_UNREACHABLE_CODE = YES;
				CLANG_WARN__DUPLICATE_METHOD_MATCH = YES;
				COPY_PHASE_STRIP = NO;
				DEBUG_INFORMATION_FORMAT = dwarf;
				ENABLE_STRICT_OBJC_MSGSEND = YES;
				ENABLE_TESTABILITY = YES;
				ENABLE_USER_SCRIPT_SANDBOXING = YES;
				GCC_C_LANGUAGE_STANDARD = gnu17;
				GCC_DYNAMIC_NO_PIC = NO;
				GCC_NO_COMMON_BLOCKS = YES;
				GCC_OPTIMIZATION_LEVEL = 0;
				GCC_PREPROCESSOR_DEFINITIONS = (
					"DEBUG=1",
					"$(inherited)",
				);
				GCC_WARN_64_TO_32_BIT_CONVERSION = YES;
				GCC_WARN_ABOUT_RETURN_TYPE = YES_ERROR;
				GCC_WARN_UNDECLARED_SELECTOR = YES;
				GCC_WARN_UNINITIALIZED_AUTOS = YES_AGGRESSIVE;
				GCC_WARN_UNUSED_FUNCTION = YES;
				GCC_WARN_UNUSED_VARIABLE = YES;
				IPHONEOS_DEPLOYMENT_TARGET = 17.0;
				LOCALIZATION_PREFERS_STRING_CATALOGS = YES;
				MTL_ENABLE_DEBUG_INFO = INCLUDE_SOURCE;
				MTL_FAST_MATH = YES;
				ONLY_ACTIVE_ARCH = YES;
				SWIFT_ACTIVE_COMPILATION_CONDITIONS = "DEBUG $(inherited)";
				SWIFT_OPTIMIZATION_LEVEL = "-Onone";
			};
			name = Debug;
		};
		842432522B83915A00456C07 /* Release */ = {
			isa = XCBuildConfiguration;
			buildSettings = {
				ALWAYS_SEARCH_USER_PATHS = NO;
				ASSETCATALOG_COMPILER_GENERATE_SWIFT_ASSET_SYMBOL_EXTENSIONS = YES;
				CLANG_ANALYZER_NONNULL = YES;
				CLANG_ANALYZER_NUMBER_OBJECT_CONVERSION = YES_AGGRESSIVE;
				CLANG_CXX_LANGUAGE_STANDARD = "gnu++20";
				CLANG_ENABLE_MODULES = YES;
				CLANG_ENABLE_OBJC_ARC = YES;
				CLANG_ENABLE_OBJC_WEAK = YES;
				CLANG_WARN_BLOCK_CAPTURE_AUTORELEASING = YES;
				CLANG_WARN_BOOL_CONVERSION = YES;
				CLANG_WARN_COMMA = YES;
				CLANG_WARN_CONSTANT_CONVERSION = YES;
				CLANG_WARN_DEPRECATED_OBJC_IMPLEMENTATIONS = YES;
				CLANG_WARN_DIRECT_OBJC_ISA_USAGE = YES_ERROR;
				CLANG_WARN_DOCUMENTATION_COMMENTS = YES;
				CLANG_WARN_EMPTY_BODY = YES;
				CLANG_WARN_ENUM_CONVERSION = YES;
				CLANG_WARN_INFINITE_RECURSION = YES;
				CLANG_WARN_INT_CONVERSION = YES;
				CLANG_WARN_NON_LITERAL_NULL_CONVERSION = YES;
				CLANG_WARN_OBJC_IMPLICIT_RETAIN_SELF = YES;
				CLANG_WARN_OBJC_LITERAL_CONVERSION = YES;
				CLANG_WARN_OBJC_ROOT_CLASS = YES_ERROR;
				CLANG_WARN_QUOTED_INCLUDE_IN_FRAMEWORK_HEADER = YES;
				CLANG_WARN_RANGE_LOOP_ANALYSIS = YES;
				CLANG_WARN_STRICT_PROTOTYPES = YES;
				CLANG_WARN_SUSPICIOUS_MOVE = YES;
				CLANG_WARN_UNGUARDED_AVAILABILITY = YES_AGGRESSIVE;
				CLANG_WARN_UNREACHABLE_CODE = YES;
				CLANG_WARN__DUPLICATE_METHOD_MATCH = YES;
				COPY_PHASE_STRIP = NO;
				DEBUG_INFORMATION_FORMAT = "dwarf-with-dsym";
				ENABLE_NS_ASSERTIONS = NO;
				ENABLE_STRICT_OBJC_MSGSEND = YES;
				ENABLE_USER_SCRIPT_SANDBOXING = YES;
				GCC_C_LANGUAGE_STANDARD = gnu17;
				GCC_NO_COMMON_BLOCKS = YES;
				GCC_WARN_64_TO_32_BIT_CONVERSION = YES;
				GCC_WARN_ABOUT_RETURN_TYPE = YES_ERROR;
				GCC_WARN_UNDECLARED_SELECTOR = YES;
				GCC_WARN_UNINITIALIZED_AUTOS = YES_AGGRESSIVE;
				GCC_WARN_UNUSED_FUNCTION = YES;
				GCC_WARN_UNUSED_VARIABLE = YES;
				IPHONEOS_DEPLOYMENT_TARGET = 17.0;
				LOCALIZATION_PREFERS_STRING_CATALOGS = YES;
				MTL_ENABLE_DEBUG_INFO = NO;
				MTL_FAST_MATH = YES;
				SWIFT_COMPILATION_MODE = wholemodule;
			};
			name = Release;
		};
		842432542B83915A00456C07 /* Debug */ = {
			isa = XCBuildConfiguration;
			buildSettings = {
				ASSETCATALOG_COMPILER_APPICON_NAME = AppIcon;
				ASSETCATALOG_COMPILER_GLOBAL_ACCENT_COLOR_NAME = AccentColor;
				CODE_SIGN_ENTITLEMENTS = WeatherForecast2/WeatherForecast2.entitlements;
				CODE_SIGN_STYLE = Automatic;
				CURRENT_PROJECT_VERSION = 1;
				DEVELOPMENT_ASSET_PATHS = "\"WeatherForecast2/Preview Content\"";
				DEVELOPMENT_TEAM = 9XANS77P5U;
				ENABLE_HARDENED_RUNTIME = YES;
				ENABLE_PREVIEWS = YES;
				GENERATE_INFOPLIST_FILE = YES;
				"INFOPLIST_KEY_UIApplicationSceneManifest_Generation[sdk=iphoneos*]" = YES;
				"INFOPLIST_KEY_UIApplicationSceneManifest_Generation[sdk=iphonesimulator*]" = YES;
				"INFOPLIST_KEY_UIApplicationSupportsIndirectInputEvents[sdk=iphoneos*]" = YES;
				"INFOPLIST_KEY_UIApplicationSupportsIndirectInputEvents[sdk=iphonesimulator*]" = YES;
				"INFOPLIST_KEY_UILaunchScreen_Generation[sdk=iphoneos*]" = YES;
				"INFOPLIST_KEY_UILaunchScreen_Generation[sdk=iphonesimulator*]" = YES;
				"INFOPLIST_KEY_UIStatusBarStyle[sdk=iphoneos*]" = UIStatusBarStyleDefault;
				"INFOPLIST_KEY_UIStatusBarStyle[sdk=iphonesimulator*]" = UIStatusBarStyleDefault;
				INFOPLIST_KEY_UISupportedInterfaceOrientations_iPad = "UIInterfaceOrientationPortrait UIInterfaceOrientationPortraitUpsideDown UIInterfaceOrientationLandscapeLeft UIInterfaceOrientationLandscapeRight";
				INFOPLIST_KEY_UISupportedInterfaceOrientations_iPhone = "UIInterfaceOrientationPortrait UIInterfaceOrientationLandscapeLeft UIInterfaceOrientationLandscapeRight";
				IPHONEOS_DEPLOYMENT_TARGET = 17.0;
				LD_RUNPATH_SEARCH_PATHS = "@executable_path/Frameworks";
				"LD_RUNPATH_SEARCH_PATHS[sdk=macosx*]" = "@executable_path/../Frameworks";
				MACOSX_DEPLOYMENT_TARGET = 14.0;
				MARKETING_VERSION = 1.0;
				PRODUCT_BUNDLE_IDENTIFIER = IvanUkrainskii.com.WeatherForecast2;
				PRODUCT_NAME = "$(TARGET_NAME)";
				SDKROOT = auto;
				SUPPORTED_PLATFORMS = "iphoneos iphonesimulator";
				SUPPORTS_MACCATALYST = NO;
				SWIFT_EMIT_LOC_STRINGS = YES;
				SWIFT_VERSION = 5.0;
				TARGETED_DEVICE_FAMILY = "1,2";
			};
			name = Debug;
		};
		842432552B83915A00456C07 /* Release */ = {
			isa = XCBuildConfiguration;
			buildSettings = {
				ASSETCATALOG_COMPILER_APPICON_NAME = AppIcon;
				ASSETCATALOG_COMPILER_GLOBAL_ACCENT_COLOR_NAME = AccentColor;
				CODE_SIGN_ENTITLEMENTS = WeatherForecast2/WeatherForecast2.entitlements;
				CODE_SIGN_STYLE = Automatic;
				CURRENT_PROJECT_VERSION = 1;
				DEVELOPMENT_ASSET_PATHS = "\"WeatherForecast2/Preview Content\"";
				DEVELOPMENT_TEAM = 9XANS77P5U;
				ENABLE_HARDENED_RUNTIME = YES;
				ENABLE_PREVIEWS = YES;
				GENERATE_INFOPLIST_FILE = YES;
				"INFOPLIST_KEY_UIApplicationSceneManifest_Generation[sdk=iphoneos*]" = YES;
				"INFOPLIST_KEY_UIApplicationSceneManifest_Generation[sdk=iphonesimulator*]" = YES;
				"INFOPLIST_KEY_UIApplicationSupportsIndirectInputEvents[sdk=iphoneos*]" = YES;
				"INFOPLIST_KEY_UIApplicationSupportsIndirectInputEvents[sdk=iphonesimulator*]" = YES;
				"INFOPLIST_KEY_UILaunchScreen_Generation[sdk=iphoneos*]" = YES;
				"INFOPLIST_KEY_UILaunchScreen_Generation[sdk=iphonesimulator*]" = YES;
				"INFOPLIST_KEY_UIStatusBarStyle[sdk=iphoneos*]" = UIStatusBarStyleDefault;
				"INFOPLIST_KEY_UIStatusBarStyle[sdk=iphonesimulator*]" = UIStatusBarStyleDefault;
				INFOPLIST_KEY_UISupportedInterfaceOrientations_iPad = "UIInterfaceOrientationPortrait UIInterfaceOrientationPortraitUpsideDown UIInterfaceOrientationLandscapeLeft UIInterfaceOrientationLandscapeRight";
				INFOPLIST_KEY_UISupportedInterfaceOrientations_iPhone = "UIInterfaceOrientationPortrait UIInterfaceOrientationLandscapeLeft UIInterfaceOrientationLandscapeRight";
				IPHONEOS_DEPLOYMENT_TARGET = 17.0;
				LD_RUNPATH_SEARCH_PATHS = "@executable_path/Frameworks";
				"LD_RUNPATH_SEARCH_PATHS[sdk=macosx*]" = "@executable_path/../Frameworks";
				MACOSX_DEPLOYMENT_TARGET = 14.0;
				MARKETING_VERSION = 1.0;
				PRODUCT_BUNDLE_IDENTIFIER = IvanUkrainskii.com.WeatherForecast2;
				PRODUCT_NAME = "$(TARGET_NAME)";
				SDKROOT = auto;
				SUPPORTED_PLATFORMS = "iphoneos iphonesimulator";
				SUPPORTS_MACCATALYST = NO;
				SWIFT_EMIT_LOC_STRINGS = YES;
				SWIFT_VERSION = 5.0;
				TARGETED_DEVICE_FAMILY = "1,2";
			};
			name = Release;
		};
/* End XCBuildConfiguration section */

/* Begin XCConfigurationList section */
		8424323F2B83915900456C07 /* Build configuration list for PBXProject "WeatherForecast2" */ = {
			isa = XCConfigurationList;
			buildConfigurations = (
				842432512B83915A00456C07 /* Debug */,
				842432522B83915A00456C07 /* Release */,
			);
			defaultConfigurationIsVisible = 0;
			defaultConfigurationName = Release;
		};
		842432532B83915A00456C07 /* Build configuration list for PBXNativeTarget "WeatherForecast2" */ = {
			isa = XCConfigurationList;
			buildConfigurations = (
				842432542B83915A00456C07 /* Debug */,
				842432552B83915A00456C07 /* Release */,
			);
			defaultConfigurationIsVisible = 0;
			defaultConfigurationName = Release;
		};
/* End XCConfigurationList section */
	};
	rootObject = 8424323C2B83915900456C07 /* Project object */;
}
